{
  "originHash" : "424358981add873ca4a608f4a07d63cf544a51e1a65a4ce9faa5489335907e3d",
  "pins" : [
    {
      "identity" : "swift-argument-parser",
      "kind" : "remoteSourceControl",
      "location" : "https://github.com/apple/swift-argument-parser",
      "state" : {
        "revision" : "0fbc8848e389af3bb55c182bc19ca9d5dc2f255b",
        "version" : "1.4.0"
      }
    },
    {
      "identity" : "swiftsoup",
      "kind" : "remoteSourceControl",
      "location" : "https://github.com/scinfu/SwiftSoup",
      "state" : {
        "revision" : "774dc9c7213085db8aa59595e27c1cd22e428904",
        "version" : "2.3.2"
      }
    }
  ],
  "version" : 3
}
